// !$*UTF8*$!
{
	archiveVersion = 1;
	classes = {
	};
	objectVersion = 77;
	objects = {

/* Begin PBXBuildFile section */
		0C9D5C62B2630414209BC720 /* HomeScreen.swift in Sources */ = {isa = PBXBuildFile; fileRef = 654BE2AAC38B9027EFC31ADA /* HomeScreen.swift */; };
		1673E9EEF56A505021C76A58 /* SeriesSocialModels.swift in Sources */ = {isa = PBXBuildFile; fileRef = 3DDD63C85E76FA77C1E40CCC /* SeriesSocialModels.swift */; };
		30C2BF9A98DFB5D0DA8B3F6A /* L10n.swift in Sources */ = {isa = PBXBuildFile; fileRef = A5CAE803B2B1BF4D780369E0 /* L10n.swift */; };
		3FD35C0E7A5E97803B4448DD /* Assets.xcassets in Resources */ = {isa = PBXBuildFile; fileRef = B96C17F9BEEC431492047F12 /* Assets.xcassets */; };
		4057AF5D7FF73D672E8E1A17 /* AppShellView.swift in Sources */ = {isa = PBXBuildFile; fileRef = 266318A1EDA805553FCB6D09 /* AppShellView.swift */; };
		4C976FFBBA00FDD8F256FD37 /* SeriesLibraryStore.swift in Sources */ = {isa = PBXBuildFile; fileRef = C942156923654F656D96D4D5 /* SeriesLibraryStore.swift */; };
		4CBBF59C2B03803E909F2E8B /* ProfileScreen.swift in Sources */ = {isa = PBXBuildFile; fileRef = 818B475C2F3BBEC901909750 /* ProfileScreen.swift */; };
		5DE91274F55FDBF967A28AF6 /* SeriesSocialStore.swift in Sources */ = {isa = PBXBuildFile; fileRef = 28289FA4BE6B01E917E68E89 /* SeriesSocialStore.swift */; };
		5F7D810C5D97B6FE5C4F4CC6 /* SharedListsScreen.swift in Sources */ = {isa = PBXBuildFile; fileRef = 51378550A5B3CE338B9AB407 /* SharedListsScreen.swift */; };
		6144DE4AE8D391BECF59ACE2 /* UpcomingScreen.swift in Sources */ = {isa = PBXBuildFile; fileRef = F7E0D2243A08F7333A2BF46F /* UpcomingScreen.swift */; };
		70614DF5E22BC73B4C5FC52D /* OnboardingView.swift in Sources */ = {isa = PBXBuildFile; fileRef = 3C3510784E2A209F49C1295E /* OnboardingView.swift */; };
		8AC6DF069C4619165E83E1D8 /* SeriesComponents.swift in Sources */ = {isa = PBXBuildFile; fileRef = 6F9D754C42576C52047E96EC /* SeriesComponents.swift */; };
		9592A5B0112EA67CFC4285C3 /* SeriesAVAppDataService.swift in Sources */ = {isa = PBXBuildFile; fileRef = 071FBF3355D0BF54C06CE0F5 /* SeriesAVAppDataService.swift */; };
		99C7AA7B52682CFDEA051A76 /* ClerkKit in Frameworks */ = {isa = PBXBuildFile; productRef = EB6F6B29A4A19D1806A544F7 /* ClerkKit */; };
		A058EA5097F7624496E4AEE8 /* AccountAV in Frameworks */ = {isa = PBXBuildFile; productRef = C2992247012F30B5FDE4706E /* AccountAV */; };
		A18497D6824DA299DE37B86F /* SeriesCatalogMapping.swift in Sources */ = {isa = PBXBuildFile; fileRef = F40F04945635716A553BD994 /* SeriesCatalogMapping.swift */; };
		A216F6E3167ACF128185C7E8 /* SeriesAVCloudService.swift in Sources */ = {isa = PBXBuildFile; fileRef = 6FE4FE9A8F9117F37A3F1638 /* SeriesAVCloudService.swift */; };
		AB460A0D40394E2A4450C7C9 /* SeriesModels.swift in Sources */ = {isa = PBXBuildFile; fileRef = 02D188112740F999A1615DF6 /* SeriesModels.swift */; };
		AEFEFE3376CAD23E832E989F /* SeriesTheme.swift in Sources */ = {isa = PBXBuildFile; fileRef = 2F5BED36BE85DD07DEBB19A3 /* SeriesTheme.swift */; };
		B0B8421303019A41786956D6 /* LibraryScreen.swift in Sources */ = {isa = PBXBuildFile; fileRef = 4F2F1100A82CB31448193BAE /* LibraryScreen.swift */; };
		B1DC17C9E7D5886207B45357 /* RecommendationsScreen.swift in Sources */ = {isa = PBXBuildFile; fileRef = 64D5A76CCA82C12A46B7FF29 /* RecommendationsScreen.swift */; };
		B733B28B0CBEE18DA395BEDA /* AccessServices.swift in Sources */ = {isa = PBXBuildFile; fileRef = 509CB213A3F309AB0285F9B1 /* AccessServices.swift */; };
		BBF07CE22C3C21C2F169EED1 /* SeriesAVSplashView.swift in Sources */ = {isa = PBXBuildFile; fileRef = 54848FD3FA8A4FAE5ABAC868 /* SeriesAVSplashView.swift */; };
		BC37C53F3BA70632D96F9D61 /* TVMazeService.swift in Sources */ = {isa = PBXBuildFile; fileRef = 93B853CC857C3A765F3178CF /* TVMazeService.swift */; };
		DD64D65836B5963C056AEE8C /* ShowDetailScreen.swift in Sources */ = {isa = PBXBuildFile; fileRef = CA5A51FBF4017F95E16D568E /* ShowDetailScreen.swift */; };
		E592D4F13BA7E38AFECB453C /* SeriesAVApp.swift in Sources */ = {isa = PBXBuildFile; fileRef = E930F20F64D72B22A232919B /* SeriesAVApp.swift */; };
		E647737E0691166B0AE5E9F9 /* RootView.swift in Sources */ = {isa = PBXBuildFile; fileRef = 145DE7E7B082B7D92C440A5B /* RootView.swift */; };
		EA085AF0D3E02A994C46CD40 /* SearchScreen.swift in Sources */ = {isa = PBXBuildFile; fileRef = C8BADA59BF1C4164E01788FB /* SearchScreen.swift */; };
		EF7CF9FCEBD57CB286DE4AA8 /* SeriesAVAPIClient.swift in Sources */ = {isa = PBXBuildFile; fileRef = E8B40454E71334BDB32D7133 /* SeriesAVAPIClient.swift */; };
/* End PBXBuildFile section */

/* Begin PBXFileReference section */
		02D188112740F999A1615DF6 /* SeriesModels.swift */ = {isa = PBXFileReference; lastKnownFileType = sourcecode.swift; path = SeriesModels.swift; sourceTree = "<group>"; };
		071FBF3355D0BF54C06CE0F5 /* SeriesAVAppDataService.swift */ = {isa = PBXFileReference; lastKnownFileType = sourcecode.swift; path = SeriesAVAppDataService.swift; sourceTree = "<group>"; };
		145DE7E7B082B7D92C440A5B /* RootView.swift */ = {isa = PBXFileReference; lastKnownFileType = sourcecode.swift; path = RootView.swift; sourceTree = "<group>"; };
		266318A1EDA805553FCB6D09 /* AppShellView.swift */ = {isa = PBXFileReference; lastKnownFileType = sourcecode.swift; path = AppShellView.swift; sourceTree = "<group>"; };
		28289FA4BE6B01E917E68E89 /* SeriesSocialStore.swift */ = {isa = PBXFileReference; lastKnownFileType = sourcecode.swift; path = SeriesSocialStore.swift; sourceTree = "<group>"; };
		2A2E8FBF279E3A8C4EDC0B68 /* SeriesAV.app */ = {isa = PBXFileReference; includeInIndex = 0; lastKnownFileType = wrapper.application; path = SeriesAV.app; sourceTree = BUILT_PRODUCTS_DIR; };
		2F5BED36BE85DD07DEBB19A3 /* SeriesTheme.swift */ = {isa = PBXFileReference; lastKnownFileType = sourcecode.swift; path = SeriesTheme.swift; sourceTree = "<group>"; };
		3C3510784E2A209F49C1295E /* OnboardingView.swift */ = {isa = PBXFileReference; lastKnownFileType = sourcecode.swift; path = OnboardingView.swift; sourceTree = "<group>"; };
		3DDD63C85E76FA77C1E40CCC /* SeriesSocialModels.swift */ = {isa = PBXFileReference; lastKnownFileType = sourcecode.swift; path = SeriesSocialModels.swift; sourceTree = "<group>"; };
		4F2F1100A82CB31448193BAE /* LibraryScreen.swift */ = {isa = PBXFileReference; lastKnownFileType = sourcecode.swift; path = LibraryScreen.swift; sourceTree = "<group>"; };
		509CB213A3F309AB0285F9B1 /* AccessServices.swift */ = {isa = PBXFileReference; lastKnownFileType = sourcecode.swift; path = AccessServices.swift; sourceTree = "<group>"; };
		51378550A5B3CE338B9AB407 /* SharedListsScreen.swift */ = {isa = PBXFileReference; lastKnownFileType = sourcecode.swift; path = SharedListsScreen.swift; sourceTree = "<group>"; };
		54848FD3FA8A4FAE5ABAC868 /* SeriesAVSplashView.swift */ = {isa = PBXFileReference; lastKnownFileType = sourcecode.swift; path = SeriesAVSplashView.swift; sourceTree = "<group>"; };
		5C2045BD1DAB63090578AC6B /* SeriesAV.entitlements */ = {isa = PBXFileReference; lastKnownFileType = text.plist.entitlements; path = SeriesAV.entitlements; sourceTree = "<group>"; };
		64D5A76CCA82C12A46B7FF29 /* RecommendationsScreen.swift */ = {isa = PBXFileReference; lastKnownFileType = sourcecode.swift; path = RecommendationsScreen.swift; sourceTree = "<group>"; };
		654BE2AAC38B9027EFC31ADA /* HomeScreen.swift */ = {isa = PBXFileReference; lastKnownFileType = sourcecode.swift; path = HomeScreen.swift; sourceTree = "<group>"; };
		6F9D754C42576C52047E96EC /* SeriesComponents.swift */ = {isa = PBXFileReference; lastKnownFileType = sourcecode.swift; path = SeriesComponents.swift; sourceTree = "<group>"; };
		6FE4FE9A8F9117F37A3F1638 /* SeriesAVCloudService.swift */ = {isa = PBXFileReference; lastKnownFileType = sourcecode.swift; path = SeriesAVCloudService.swift; sourceTree = "<group>"; };
		818B475C2F3BBEC901909750 /* ProfileScreen.swift */ = {isa = PBXFileReference; lastKnownFileType = sourcecode.swift; path = ProfileScreen.swift; sourceTree = "<group>"; };
		930B112F6F8AF2FEE47D085D /* Release.xcconfig */ = {isa = PBXFileReference; lastKnownFileType = text.xcconfig; path = Release.xcconfig; sourceTree = "<group>"; };
		93B853CC857C3A765F3178CF /* TVMazeService.swift */ = {isa = PBXFileReference; lastKnownFileType = sourcecode.swift; path = TVMazeService.swift; sourceTree = "<group>"; };
		A5CAE803B2B1BF4D780369E0 /* L10n.swift */ = {isa = PBXFileReference; lastKnownFileType = sourcecode.swift; path = L10n.swift; sourceTree = "<group>"; };
		B608F239FAA9C18EE697CAC1 /* account-av */ = {isa = PBXFileReference; lastKnownFileType = folder; name = "account-av"; path = "../../../account-av"; sourceTree = SOURCE_ROOT; };
		B96C17F9BEEC431492047F12 /* Assets.xcassets */ = {isa = PBXFileReference; lastKnownFileType = folder.assetcatalog; path = Assets.xcassets; sourceTree = "<group>"; };
		C57847956F08FF0FD0112E99 /* Debug.xcconfig */ = {isa = PBXFileReference; lastKnownFileType = text.xcconfig; path = Debug.xcconfig; sourceTree = "<group>"; };
		C8BADA59BF1C4164E01788FB /* SearchScreen.swift */ = {isa = PBXFileReference; lastKnownFileType = sourcecode.swift; path = SearchScreen.swift; sourceTree = "<group>"; };
		C942156923654F656D96D4D5 /* SeriesLibraryStore.swift */ = {isa = PBXFileReference; lastKnownFileType = sourcecode.swift; path = SeriesLibraryStore.swift; sourceTree = "<group>"; };
		CA5A51FBF4017F95E16D568E /* ShowDetailScreen.swift */ = {isa = PBXFileReference; lastKnownFileType = sourcecode.swift; path = ShowDetailScreen.swift; sourceTree = "<group>"; };
		CE164B8C0FC2D8FA1427899D /* Info.plist */ = {isa = PBXFileReference; lastKnownFileType = text.plist; path = Info.plist; sourceTree = "<group>"; };
		E8B40454E71334BDB32D7133 /* SeriesAVAPIClient.swift */ = {isa = PBXFileReference; lastKnownFileType = sourcecode.swift; path = SeriesAVAPIClient.swift; sourceTree = "<group>"; };
		E930F20F64D72B22A232919B /* SeriesAVApp.swift */ = {isa = PBXFileReference; lastKnownFileType = sourcecode.swift; path = SeriesAVApp.swift; sourceTree = "<group>"; };
		F40F04945635716A553BD994 /* SeriesCatalogMapping.swift */ = {isa = PBXFileReference; lastKnownFileType = sourcecode.swift; path = SeriesCatalogMapping.swift; sourceTree = "<group>"; };
		F7E0D2243A08F7333A2BF46F /* UpcomingScreen.swift */ = {isa = PBXFileReference; lastKnownFileType = sourcecode.swift; path = UpcomingScreen.swift; sourceTree = "<group>"; };
/* End PBXFileReference section */

/* Begin PBXFrameworksBuildPhase section */
		237A56D9E672371E1BFCF65E /* Frameworks */ = {
			isa = PBXFrameworksBuildPhase;
			buildActionMask = 2147483647;
			files = (
				A058EA5097F7624496E4AEE8 /* AccountAV in Frameworks */,
				99C7AA7B52682CFDEA051A76 /* ClerkKit in Frameworks */,
			);
			runOnlyForDeploymentPostprocessing = 0;
		};
/* End PBXFrameworksBuildPhase section */

/* Begin PBXGroup section */
		0383B3BA85EAD688208A5776 /* Persistence */ = {
			isa = PBXGroup;
			children = (
				C942156923654F656D96D4D5 /* SeriesLibraryStore.swift */,
				28289FA4BE6B01E917E68E89 /* SeriesSocialStore.swift */,
			);
			path = Persistence;
			sourceTree = "<group>";
		};
		0D239A4F9BC368710EAABA77 /* SeriesAV */ = {
			isa = PBXGroup;
			children = (
				39B82B664B9E3A72818F68F2 /* App */,
				5BBE6D54004B7EF46D0C5F72 /* Core */,
				3C3C51AD32C89EE9A289595D /* Features */,
				F70D7221C9C106FC574902E4 /* UI */,
			);
			path = SeriesAV;
			sourceTree = "<group>";
		};
		1256BD9A3A0A5F6BABF1ACDE /* Shell */ = {
			isa = PBXGroup;
			children = (
				266318A1EDA805553FCB6D09 /* AppShellView.swift */,
			);
			path = Shell;
			sourceTree = "<group>";
		};
		26704005B83A344F46EF8C85 /* Home */ = {
			isa = PBXGroup;
			children = (
				654BE2AAC38B9027EFC31ADA /* HomeScreen.swift */,
			);
			path = Home;
			sourceTree = "<group>";
		};
		2E221987D7FD2D642A1BC423 /* Search */ = {
			isa = PBXGroup;
			children = (
				C8BADA59BF1C4164E01788FB /* SearchScreen.swift */,
			);
			path = Search;
			sourceTree = "<group>";
		};
		2FC7BAE7883FEE4CB3DD6DCC /* Packages */ = {
			isa = PBXGroup;
			children = (
				B608F239FAA9C18EE697CAC1 /* account-av */,
			);
			name = Packages;
			sourceTree = "<group>";
		};
		39B82B664B9E3A72818F68F2 /* App */ = {
			isa = PBXGroup;
			children = (
				B96C17F9BEEC431492047F12 /* Assets.xcassets */,
				CE164B8C0FC2D8FA1427899D /* Info.plist */,
				A5CAE803B2B1BF4D780369E0 /* L10n.swift */,
				145DE7E7B082B7D92C440A5B /* RootView.swift */,
				5C2045BD1DAB63090578AC6B /* SeriesAV.entitlements */,
				E930F20F64D72B22A232919B /* SeriesAVApp.swift */,
				54848FD3FA8A4FAE5ABAC868 /* SeriesAVSplashView.swift */,
			);
			path = App;
			sourceTree = "<group>";
		};
		3C3C51AD32C89EE9A289595D /* Features */ = {
			isa = PBXGroup;
			children = (
				66B1B70D4FBF8A6F0D52D80A /* Auth */,
				26704005B83A344F46EF8C85 /* Home */,
				E054A0E1AA0507B74F1D7D48 /* Library */,
				F3A64473A350215E09C41F7C /* Profile */,
				2E221987D7FD2D642A1BC423 /* Search */,
				1256BD9A3A0A5F6BABF1ACDE /* Shell */,
				FD37464750C6E68B2CDB3EEB /* ShowDetail */,
				41FCA18C02EDA7FC0D71F4A3 /* Upcoming */,
			);
			path = Features;
			sourceTree = "<group>";
		};
		406C3709021852B2099C9D1A /* Services */ = {
			isa = PBXGroup;
			children = (
				509CB213A3F309AB0285F9B1 /* AccessServices.swift */,
				E8B40454E71334BDB32D7133 /* SeriesAVAPIClient.swift */,
				071FBF3355D0BF54C06CE0F5 /* SeriesAVAppDataService.swift */,
				6FE4FE9A8F9117F37A3F1638 /* SeriesAVCloudService.swift */,
				F40F04945635716A553BD994 /* SeriesCatalogMapping.swift */,
				93B853CC857C3A765F3178CF /* TVMazeService.swift */,
			);
			path = Services;
			sourceTree = "<group>";
		};
		41FCA18C02EDA7FC0D71F4A3 /* Upcoming */ = {
			isa = PBXGroup;
			children = (
				F7E0D2243A08F7333A2BF46F /* UpcomingScreen.swift */,
			);
			path = Upcoming;
			sourceTree = "<group>";
		};
		4A220F02EAF1591F28DCCDCC /* Models */ = {
			isa = PBXGroup;
			children = (
				02D188112740F999A1615DF6 /* SeriesModels.swift */,
				3DDD63C85E76FA77C1E40CCC /* SeriesSocialModels.swift */,
			);
			path = Models;
			sourceTree = "<group>";
		};
		5B9097F8C208FDC875876E1E = {
			isa = PBXGroup;
			children = (
				E056649875893E20FD1E77A8 /* Config */,
				2FC7BAE7883FEE4CB3DD6DCC /* Packages */,
				0D239A4F9BC368710EAABA77 /* SeriesAV */,
				61ADF309C27D450FA7B67C86 /* Products */,
			);
			sourceTree = "<group>";
		};
		5BBE6D54004B7EF46D0C5F72 /* Core */ = {
			isa = PBXGroup;
			children = (
				4A220F02EAF1591F28DCCDCC /* Models */,
				0383B3BA85EAD688208A5776 /* Persistence */,
				406C3709021852B2099C9D1A /* Services */,
			);
			path = Core;
			sourceTree = "<group>";
		};
		61ADF309C27D450FA7B67C86 /* Products */ = {
			isa = PBXGroup;
			children = (
				2A2E8FBF279E3A8C4EDC0B68 /* SeriesAV.app */,
			);
			name = Products;
			sourceTree = "<group>";
		};
		66B1B70D4FBF8A6F0D52D80A /* Auth */ = {
			isa = PBXGroup;
			children = (
				3C3510784E2A209F49C1295E /* OnboardingView.swift */,
			);
			path = Auth;
			sourceTree = "<group>";
		};
		E054A0E1AA0507B74F1D7D48 /* Library */ = {
			isa = PBXGroup;
			children = (
				4F2F1100A82CB31448193BAE /* LibraryScreen.swift */,
			);
			path = Library;
			sourceTree = "<group>";
		};
		E056649875893E20FD1E77A8 /* Config */ = {
			isa = PBXGroup;
			children = (
				C57847956F08FF0FD0112E99 /* Debug.xcconfig */,
				930B112F6F8AF2FEE47D085D /* Release.xcconfig */,
			);
			path = Config;
			sourceTree = "<group>";
		};
		F3A64473A350215E09C41F7C /* Profile */ = {
			isa = PBXGroup;
			children = (
				818B475C2F3BBEC901909750 /* ProfileScreen.swift */,
				64D5A76CCA82C12A46B7FF29 /* RecommendationsScreen.swift */,
				51378550A5B3CE338B9AB407 /* SharedListsScreen.swift */,
			);
			path = Profile;
			sourceTree = "<group>";
		};
		F70D7221C9C106FC574902E4 /* UI */ = {
			isa = PBXGroup;
			children = (
				6F9D754C42576C52047E96EC /* SeriesComponents.swift */,
				2F5BED36BE85DD07DEBB19A3 /* SeriesTheme.swift */,
			);
			path = UI;
			sourceTree = "<group>";
		};
		FD37464750C6E68B2CDB3EEB /* ShowDetail */ = {
			isa = PBXGroup;
			children = (
				CA5A51FBF4017F95E16D568E /* ShowDetailScreen.swift */,
			);
			path = ShowDetail;
			sourceTree = "<group>";
		};
/* End PBXGroup section */

/* Begin PBXNativeTarget section */
		5E6D90780F878770BBB2E021 /* SeriesAV */ = {
			isa = PBXNativeTarget;
			buildConfigurationList = ABAB7EBEC3EFE621612235BA /* Build configuration list for PBXNativeTarget "SeriesAV" */;
			buildPhases = (
				C1D128B97704746FA1D8FEFB /* Sources */,
				C70C9A5A22DCFFCA996FD769 /* Resources */,
				237A56D9E672371E1BFCF65E /* Frameworks */,
			);
			buildRules = (
			);
			dependencies = (
			);
			name = SeriesAV;
			packageProductDependencies = (
				C2992247012F30B5FDE4706E /* AccountAV */,
				EB6F6B29A4A19D1806A544F7 /* ClerkKit */,
			);
			productName = SeriesAV;
			productReference = 2A2E8FBF279E3A8C4EDC0B68 /* SeriesAV.app */;
			productType = "com.apple.product-type.application";
		};
/* End PBXNativeTarget section */

/* Begin PBXProject section */
		37E45FDB34881B5563BC6921 /* Project object */ = {
			isa = PBXProject;
			attributes = {
				BuildIndependentTargetsInParallel = YES;
				LastUpgradeCheck = 1600;
				TargetAttributes = {
					5E6D90780F878770BBB2E021 = {
						DevelopmentTeam = "$(AVALSYS_APPLE_DEVELOPMENT_TEAM)";
						ProvisioningStyle = Automatic;
					};
				};
			};
			buildConfigurationList = 8B072713624AA71A7EEA1EBD /* Build configuration list for PBXProject "SeriesAV" */;
			developmentRegion = en;
			hasScannedForEncodings = 0;
			knownRegions = (
				Base,
				en,
			);
			mainGroup = 5B9097F8C208FDC875876E1E;
			minimizedProjectReferenceProxies = 1;
			packageReferences = (
				089457B233CED2606AB81CE8 /* XCRemoteSwiftPackageReference "clerk-ios" */,
				81586FB8C9B3D809BCFDEC71 /* XCLocalSwiftPackageReference "../../../account-av" */,
			);
			preferredProjectObjectVersion = 77;
			productRefGroup = 61ADF309C27D450FA7B67C86 /* Products */;
			projectDirPath = "";
			projectRoot = "";
			targets = (
				5E6D90780F878770BBB2E021 /* SeriesAV */,
			);
		};
/* End PBXProject section */

/* Begin PBXResourcesBuildPhase section */
		C70C9A5A22DCFFCA996FD769 /* Resources */ = {
			isa = PBXResourcesBuildPhase;
			buildActionMask = 2147483647;
			files = (
				3FD35C0E7A5E97803B4448DD /* Assets.xcassets in Resources */,
			);
			runOnlyForDeploymentPostprocessing = 0;
		};
/* End PBXResourcesBuildPhase section */

/* Begin PBXSourcesBuildPhase section */
		C1D128B97704746FA1D8FEFB /* Sources */ = {
			isa = PBXSourcesBuildPhase;
			buildActionMask = 2147483647;
			files = (
				B733B28B0CBEE18DA395BEDA /* AccessServices.swift in Sources */,
				4057AF5D7FF73D672E8E1A17 /* AppShellView.swift in Sources */,
				0C9D5C62B2630414209BC720 /* HomeScreen.swift in Sources */,
				30C2BF9A98DFB5D0DA8B3F6A /* L10n.swift in Sources */,
				B0B8421303019A41786956D6 /* LibraryScreen.swift in Sources */,
				70614DF5E22BC73B4C5FC52D /* OnboardingView.swift in Sources */,
				4CBBF59C2B03803E909F2E8B /* ProfileScreen.swift in Sources */,
				B1DC17C9E7D5886207B45357 /* RecommendationsScreen.swift in Sources */,
				E647737E0691166B0AE5E9F9 /* RootView.swift in Sources */,
				EA085AF0D3E02A994C46CD40 /* SearchScreen.swift in Sources */,
				EF7CF9FCEBD57CB286DE4AA8 /* SeriesAVAPIClient.swift in Sources */,
				E592D4F13BA7E38AFECB453C /* SeriesAVApp.swift in Sources */,
				9592A5B0112EA67CFC4285C3 /* SeriesAVAppDataService.swift in Sources */,
				A216F6E3167ACF128185C7E8 /* SeriesAVCloudService.swift in Sources */,
				BBF07CE22C3C21C2F169EED1 /* SeriesAVSplashView.swift in Sources */,
				A18497D6824DA299DE37B86F /* SeriesCatalogMapping.swift in Sources */,
				8AC6DF069C4619165E83E1D8 /* SeriesComponents.swift in Sources */,
				4C976FFBBA00FDD8F256FD37 /* SeriesLibraryStore.swift in Sources */,
				AB460A0D40394E2A4450C7C9 /* SeriesModels.swift in Sources */,
				1673E9EEF56A505021C76A58 /* SeriesSocialModels.swift in Sources */,
				5DE91274F55FDBF967A28AF6 /* SeriesSocialStore.swift in Sources */,
				AEFEFE3376CAD23E832E989F /* SeriesTheme.swift in Sources */,
				5F7D810C5D97B6FE5C4F4CC6 /* SharedListsScreen.swift in Sources */,
				DD64D65836B5963C056AEE8C /* ShowDetailScreen.swift in Sources */,
				BC37C53F3BA70632D96F9D61 /* TVMazeService.swift in Sources */,
				6144DE4AE8D391BECF59ACE2 /* UpcomingScreen.swift in Sources */,
			);
			runOnlyForDeploymentPostprocessing = 0;
		};
/* End PBXSourcesBuildPhase section */

/* Begin XCBuildConfiguration section */
		21367C8B16D47FF8753F449B /* Debug */ = {
			isa = XCBuildConfiguration;
			buildSettings = {
				ALWAYS_SEARCH_USER_PATHS = NO;
				CLANG_ANALYZER_NONNULL = YES;
				CLANG_ANALYZER_NUMBER_OBJECT_CONVERSION = YES_AGGRESSIVE;
				CLANG_CXX_LANGUAGE_STANDARD = "gnu++14";
				CLANG_CXX_LIBRARY = "libc++";
				CLANG_ENABLE_MODULES = YES;
				CLANG_ENABLE_OBJC_ARC = YES;
				CLANG_ENABLE_OBJC_WEAK = YES;
				CLANG_WARN_BLOCK_CAPTURE_AUTORELEASING = YES;
				CLANG_WARN_BOOL_CONVERSION = YES;
				CLANG_WARN_COMMA = YES;
				CLANG_WARN_CONSTANT_CONVERSION = YES;
				CLANG_WARN_DEPRECATED_OBJC_IMPLEMENTATIONS = YES;
				CLANG_WARN_DIRECT_OBJC_ISA_USAGE = YES_ERROR;
				CLANG_WARN_DOCUMENTATION_COMMENTS = YES;
				CLANG_WARN_EMPTY_BODY = YES;
				CLANG_WARN_ENUM_CONVERSION = YES;
				CLANG_WARN_INFINITE_RECURSION = YES;
				CLANG_WARN_INT_CONVERSION = YES;
				CLANG_WARN_NON_LITERAL_NULL_CONVERSION = YES;
				CLANG_WARN_OBJC_IMPLICIT_RETAIN_SELF = YES;
				CLANG_WARN_OBJC_LITERAL_CONVERSION = YES;
				CLANG_WARN_OBJC_ROOT_CLASS = YES_ERROR;
				CLANG_WARN_QUOTED_INCLUDE_IN_FRAMEWORK_HEADER = YES;
				CLANG_WARN_RANGE_LOOP_ANALYSIS = YES;
				CLANG_WARN_STRICT_PROTOTYPES = YES;
				CLANG_WARN_SUSPICIOUS_MOVE = YES;
				CLANG_WARN_UNGUARDED_AVAILABILITY = YES_AGGRESSIVE;
				CLANG_WARN_UNREACHABLE_CODE = YES;
				CLANG_WARN__DUPLICATE_METHOD_MATCH = YES;
				COPY_PHASE_STRIP = NO;
				DEBUG_INFORMATION_FORMAT = dwarf;
				DEVELOPMENT_LANGUAGE = en;
				ENABLE_STRICT_OBJC_MSGSEND = YES;
				ENABLE_TESTABILITY = YES;
				GCC_C_LANGUAGE_STANDARD = gnu11;
				GCC_DYNAMIC_NO_PIC = NO;
				GCC_NO_COMMON_BLOCKS = YES;
				GCC_OPTIMIZATION_LEVEL = 0;
				GCC_PREPROCESSOR_DEFINITIONS = (
					"$(inherited)",
					"DEBUG=1",
				);
				GCC_WARN_64_TO_32_BIT_CONVERSION = YES;
				GCC_WARN_ABOUT_RETURN_TYPE = YES_ERROR;
				GCC_WARN_UNDECLARED_SELECTOR = YES;
				GCC_WARN_UNINITIALIZED_AUTOS = YES_AGGRESSIVE;
				GCC_WARN_UNUSED_FUNCTION = YES;
				GCC_WARN_UNUSED_VARIABLE = YES;
				IPHONEOS_DEPLOYMENT_TARGET = 18.0;
				MTL_ENABLE_DEBUG_INFO = INCLUDE_SOURCE;
				MTL_FAST_MATH = YES;
				ONLY_ACTIVE_ARCH = YES;
				PRODUCT_NAME = "Series AV";
				SDKROOT = iphoneos;
				SWIFT_ACTIVE_COMPILATION_CONDITIONS = DEBUG;
				SWIFT_OPTIMIZATION_LEVEL = "-Onone";
				SWIFT_VERSION = 6.0;
			};
			name = Debug;
		};
		56E61AE291D9455BD6DD036F /* Release */ = {
			isa = XCBuildConfiguration;
			buildSettings = {
				ALWAYS_SEARCH_USER_PATHS = NO;
				CLANG_ANALYZER_NONNULL = YES;
				CLANG_ANALYZER_NUMBER_OBJECT_CONVERSION = YES_AGGRESSIVE;
				CLANG_CXX_LANGUAGE_STANDARD = "gnu++14";
				CLANG_CXX_LIBRARY = "libc++";
				CLANG_ENABLE_MODULES = YES;
				CLANG_ENABLE_OBJC_ARC = YES;
				CLANG_ENABLE_OBJC_WEAK = YES;
				CLANG_WARN_BLOCK_CAPTURE_AUTORELEASING = YES;
				CLANG_WARN_BOOL_CONVERSION = YES;
				CLANG_WARN_COMMA = YES;
				CLANG_WARN_CONSTANT_CONVERSION = YES;
				CLANG_WARN_DEPRECATED_OBJC_IMPLEMENTATIONS = YES;
				CLANG_WARN_DIRECT_OBJC_ISA_USAGE = YES_ERROR;
				CLANG_WARN_DOCUMENTATION_COMMENTS = YES;
				CLANG_WARN_EMPTY_BODY = YES;
				CLANG_WARN_ENUM_CONVERSION = YES;
				CLANG_WARN_INFINITE_RECURSION = YES;
				CLANG_WARN_INT_CONVERSION = YES;
				CLANG_WARN_NON_LITERAL_NULL_CONVERSION = YES;
				CLANG_WARN_OBJC_IMPLICIT_RETAIN_SELF = YES;
				CLANG_WARN_OBJC_LITERAL_CONVERSION = YES;
				CLANG_WARN_OBJC_ROOT_CLASS = YES_ERROR;
				CLANG_WARN_QUOTED_INCLUDE_IN_FRAMEWORK_HEADER = YES;
				CLANG_WARN_RANGE_LOOP_ANALYSIS = YES;
				CLANG_WARN_STRICT_PROTOTYPES = YES;
				CLANG_WARN_SUSPICIOUS_MOVE = YES;
				CLANG_WARN_UNGUARDED_AVAILABILITY = YES_AGGRESSIVE;
				CLANG_WARN_UNREACHABLE_CODE = YES;
				CLANG_WARN__DUPLICATE_METHOD_MATCH = YES;
				COPY_PHASE_STRIP = NO;
				DEBUG_INFORMATION_FORMAT = "dwarf-with-dsym";
				DEVELOPMENT_LANGUAGE = en;
				ENABLE_NS_ASSERTIONS = NO;
				ENABLE_STRICT_OBJC_MSGSEND = YES;
				GCC_C_LANGUAGE_STANDARD = gnu11;
				GCC_NO_COMMON_BLOCKS = YES;
				GCC_WARN_64_TO_32_BIT_CONVERSION = YES;
				GCC_WARN_ABOUT_RETURN_TYPE = YES_ERROR;
				GCC_WARN_UNDECLARED_SELECTOR = YES;
				GCC_WARN_UNINITIALIZED_AUTOS = YES_AGGRESSIVE;
				GCC_WARN_UNUSED_FUNCTION = YES;
				GCC_WARN_UNUSED_VARIABLE = YES;
				IPHONEOS_DEPLOYMENT_TARGET = 18.0;
				MTL_ENABLE_DEBUG_INFO = NO;
				MTL_FAST_MATH = YES;
				PRODUCT_NAME = "Series AV";
				SDKROOT = iphoneos;
				SWIFT_COMPILATION_MODE = wholemodule;
				SWIFT_OPTIMIZATION_LEVEL = "-O";
				SWIFT_VERSION = 6.0;
			};
			name = Release;
		};
		9B7AC64785C70CBB42DAA530 /* Debug */ = {
			isa = XCBuildConfiguration;
			baseConfigurationReference = C57847956F08FF0FD0112E99 /* Debug.xcconfig */;
			buildSettings = {
				ASSETCATALOG_COMPILER_APPICON_NAME = AppIcon;
				CODE_SIGN_ENTITLEMENTS = SeriesAV/App/SeriesAV.entitlements;
				CODE_SIGN_IDENTITY = "iPhone Developer";
				CODE_SIGN_STYLE = Automatic;
				DEVELOPMENT_TEAM = "$(AVALSYS_APPLE_DEVELOPMENT_TEAM)";
				GENERATE_INFOPLIST_FILE = NO;
				INFOPLIST_FILE = SeriesAV/App/Info.plist;
				LD_RUNPATH_SEARCH_PATHS = (
					"$(inherited)",
					"@executable_path/Frameworks",
				);
				PRODUCT_BUNDLE_IDENTIFIER = "$(PRODUCT_BUNDLE_IDENTIFIER)";
				SDKROOT = iphoneos;
				SUPPORTS_MACCATALYST = NO;
				TARGETED_DEVICE_FAMILY = 1;
			};
			name = Debug;
		};
		F7A0BC340C3CB139F7E89083 /* Release */ = {
			isa = XCBuildConfiguration;
			baseConfigurationReference = 930B112F6F8AF2FEE47D085D /* Release.xcconfig */;
			buildSettings = {
				ASSETCATALOG_COMPILER_APPICON_NAME = AppIcon;
				CODE_SIGN_ENTITLEMENTS = SeriesAV/App/SeriesAV.entitlements;
				CODE_SIGN_IDENTITY = "iPhone Developer";
				CODE_SIGN_STYLE = Automatic;
				DEVELOPMENT_TEAM = "$(AVALSYS_APPLE_DEVELOPMENT_TEAM)";
				GENERATE_INFOPLIST_FILE = NO;
				INFOPLIST_FILE = SeriesAV/App/Info.plist;
				LD_RUNPATH_SEARCH_PATHS = (
					"$(inherited)",
					"@executable_path/Frameworks",
				);
				PRODUCT_BUNDLE_IDENTIFIER = "$(PRODUCT_BUNDLE_IDENTIFIER)";
				SDKROOT = iphoneos;
				SUPPORTS_MACCATALYST = NO;
				TARGETED_DEVICE_FAMILY = 1;
			};
			name = Release;
		};
/* End XCBuildConfiguration section */

/* Begin XCConfigurationList section */
		8B072713624AA71A7EEA1EBD /* Build configuration list for PBXProject "SeriesAV" */ = {
			isa = XCConfigurationList;
			buildConfigurations = (
				21367C8B16D47FF8753F449B /* Debug */,
				56E61AE291D9455BD6DD036F /* Release */,
			);
			defaultConfigurationIsVisible = 0;
			defaultConfigurationName = Debug;
		};
		ABAB7EBEC3EFE621612235BA /* Build configuration list for PBXNativeTarget "SeriesAV" */ = {
			isa = XCConfigurationList;
			buildConfigurations = (
				9B7AC64785C70CBB42DAA530 /* Debug */,
				F7A0BC340C3CB139F7E89083 /* Release */,
			);
			defaultConfigurationIsVisible = 0;
			defaultConfigurationName = Debug;
		};
/* End XCConfigurationList section */

/* Begin XCLocalSwiftPackageReference section */
		81586FB8C9B3D809BCFDEC71 /* XCLocalSwiftPackageReference "../../../account-av" */ = {
			isa = XCLocalSwiftPackageReference;
			relativePath = "../../../account-av";
		};
/* End XCLocalSwiftPackageReference section */

/* Begin XCRemoteSwiftPackageReference section */
		089457B233CED2606AB81CE8 /* XCRemoteSwiftPackageReference "clerk-ios" */ = {
			isa = XCRemoteSwiftPackageReference;
			repositoryURL = "https://github.com/clerk/clerk-ios";
			requirement = {
				kind = upToNextMajorVersion;
				minimumVersion = 1.0.0;
			};
		};
/* End XCRemoteSwiftPackageReference section */

/* Begin XCSwiftPackageProductDependency section */
		C2992247012F30B5FDE4706E /* AccountAV */ = {
			isa = XCSwiftPackageProductDependency;
			productName = AccountAV;
		};
		EB6F6B29A4A19D1806A544F7 /* ClerkKit */ = {
			isa = XCSwiftPackageProductDependency;
			package = 089457B233CED2606AB81CE8 /* XCRemoteSwiftPackageReference "clerk-ios" */;
			productName = ClerkKit;
		};
/* End XCSwiftPackageProductDependency section */
	};
	rootObject = 37E45FDB34881B5563BC6921 /* Project object */;
}
